# This file is automatically @generated by Cargo.
# It is not intended for manual editing.
version = 3

[[package]]
name = "autocfg"
version = "1.0.1"
source = "registry+https://github.com/rust-lang/crates.io-index"
checksum = "cdb031dd78e28731d87d56cc8ffef4a8f36ca26c38fe2de700543e627f8a464a"

[[package]]
name = "intrusive-collections"
version = "0.9.2"
source = "registry+https://github.com/rust-lang/crates.io-index"
checksum = "eb4ed164b4cf1c6bd6e18c097490331a0e58fbb0f39e8f6b5ac7f168006511cd"
dependencies = [
 "memoffset",
]

[[package]]
name = "kernel_rs"
version = "0.1.0"
dependencies = [
 "intrusive-collections",
]

[[package]]
name = "memoffset"
version = "0.5.6"
source = "registry+https://github.com/rust-lang/crates.io-index"
checksum = "043175f069eda7b85febe4a74abbaeff828d9f8b448515d3151a14a3542811aa"
dependencies = [
 "autocfg",
]
